
Microsoft Visual Studio Solution File, Format Version 12.00
# Visual Studio Version 16
VisualStudioVersion = 16.0.32002.261
MinimumVisualStudioVersion = 10.0.40219.1
Project("{2150E333-8FDC-42A3-9474-1A3956D46DE8}") = "PFE HOTIX", "PFE HOTIX", "{6CAFBCA7-6BE8-4DD3-A2E3-3075B48AC08E}"
EndProject
Project("{9A19103F-16F7-4668-BE54-9A1E7A4F7556}") = "PFE.HOTIX.DataLayer", "PFE.HOTIX.DataLayer\PFE.HOTIX.DataLayer.csproj", "{B3D901B9-EB4F-4F4C-B3D7-5862B6C54967}"
EndProject
Project("{9A19103F-16F7-4668-BE54-9A1E7A4F7556}") = "PFE.HOTIX.DataLayer.DB", "PFE.HOTIX.DataLayer.DB\PFE.HOTIX.DataLayer.DB.csproj", "{F45A9E64-A2F3-4FC0-867B-8FBCFDDCF532}"
EndProject
Project("{9A19103F-16F7-4668-BE54-9A1E7A4F7556}") = "PFE.HOTIX.Repository", "PFE.HOTIX.Repository\PFE.HOTIX.Repository.csproj", "{B6106C6C-AC87-49AC-BBA6-BEB209614D0A}"
EndProject
Project("{9A19103F-16F7-4668-BE54-9A1E7A4F7556}") = "PFE.HOTIX.API", "PFE.HOTIX.API\PFE.HOTIX.API.csproj", "{610EE904-A669-4F25-AA50-9B8E2A589640}"
EndProject
Project("{9A19103F-16F7-4668-BE54-9A1E7A4F7556}") = "PFE.HOTIX.Utils", "PFE.HOTIX.Utils\PFE.HOTIX.Utils.csproj", "{EC0025B2-2493-4A2D-9ED5-D2B4B5785BD4}"
EndProject
Project("{00D1A9C2-B5F0-4AF3-8072-F6C62B433612}") = "PFE.HOTIX.DB", "PFE.HOTIX.DB\PFE.HOTIX.DB.sqlproj", "{AF1EB010-85BC-41C5-9E88-D0C8F0B0001F}"
EndProject
Project("{9A19103F-16F7-4668-BE54-9A1E7A4F7556}") = "PFE.HOTIX.Entities", "PFE.HOTIX.Entities\PFE.HOTIX.Entities.csproj", "{8E3E9984-D57E-4D16-BB46-A34B1922F69F}"
EndProject
Project("{FAE04EC0-301F-11D3-BF4B-00C04F79EFBC}") = "PFE.HOTIX.WEB", "PFE.HOTIX.WEB\PFE.HOTIX.WEB.csproj", "{E8D8F143-CDA0-4D8E-8993-BD5D9DD283E4}"
EndProject
Global
	GlobalSection(SolutionConfigurationPlatforms) = preSolution
		Debug|Any CPU = Debug|Any CPU
		Release|Any CPU = Release|Any CPU
	EndGlobalSection
	GlobalSection(ProjectConfigurationPlatforms) = postSolution
		{B3D901B9-EB4F-4F4C-B3D7-5862B6C54967}.Debug|Any CPU.ActiveCfg = Debug|Any CPU
		{B3D901B9-EB4F-4F4C-B3D7-5862B6C54967}.Debug|Any CPU.Build.0 = Debug|Any CPU
		{B3D901B9-EB4F-4F4C-B3D7-5862B6C54967}.Release|Any CPU.ActiveCfg = Release|Any CPU
		{B3D901B9-EB4F-4F4C-B3D7-5862B6C54967}.Release|Any CPU.Build.0 = Release|Any CPU
		{F45A9E64-A2F3-4FC0-867B-8FBCFDDCF532}.Debug|Any CPU.ActiveCfg = Debug|Any CPU
		{F45A9E64-A2F3-4FC0-867B-8FBCFDDCF532}.Debug|Any CPU.Build.0 = Debug|Any CPU
		{F45A9E64-A2F3-4FC0-867B-8FBCFDDCF532}.Release|Any CPU.ActiveCfg = Release|Any CPU
		{F45A9E64-A2F3-4FC0-867B-8FBCFDDCF532}.Release|Any CPU.Build.0 = Release|Any CPU
		{B6106C6C-AC87-49AC-BBA6-BEB209614D0A}.Debug|Any CPU.ActiveCfg = Debug|Any CPU
		{B6106C6C-AC87-49AC-BBA6-BEB209614D0A}.Debug|Any CPU.Build.0 = Debug|Any CPU
		{B6106C6C-AC87-49AC-BBA6-BEB209614D0A}.Release|Any CPU.ActiveCfg = Release|Any CPU
		{B6106C6C-AC87-49AC-BBA6-BEB209614D0A}.Release|Any CPU.Build.0 = Release|Any CPU
		{610EE904-A669-4F25-AA50-9B8E2A589640}.Debug|Any CPU.ActiveCfg = Debug|Any CPU
		{610EE904-A669-4F25-AA50-9B8E2A589640}.Debug|Any CPU.Build.0 = Debug|Any CPU
		{610EE904-A669-4F25-AA50-9B8E2A589640}.Release|Any CPU.ActiveCfg = Release|Any CPU
		{610EE904-A669-4F25-AA50-9B8E2A589640}.Release|Any CPU.Build.0 = Release|Any CPU
		{EC0025B2-2493-4A2D-9ED5-D2B4B5785BD4}.Debug|Any CPU.ActiveCfg = Debug|Any CPU
		{EC0025B2-2493-4A2D-9ED5-D2B4B5785BD4}.Debug|Any CPU.Build.0 = Debug|Any CPU
		{EC0025B2-2493-4A2D-9ED5-D2B4B5785BD4}.Release|Any CPU.ActiveCfg = Release|Any CPU
		{EC0025B2-2493-4A2D-9ED5-D2B4B5785BD4}.Release|Any CPU.Build.0 = Release|Any CPU
		{AF1EB010-85BC-41C5-9E88-D0C8F0B0001F}.Debug|Any CPU.ActiveCfg = Debug|Any CPU
		{AF1EB010-85BC-41C5-9E88-D0C8F0B0001F}.Debug|Any CPU.Build.0 = Debug|Any CPU
		{AF1EB010-85BC-41C5-9E88-D0C8F0B0001F}.Debug|Any CPU.Deploy.0 = Debug|Any CPU
		{AF1EB010-85BC-41C5-9E88-D0C8F0B0001F}.Release|Any CPU.ActiveCfg = Release|Any CPU
		{AF1EB010-85BC-41C5-9E88-D0C8F0B0001F}.Release|Any CPU.Build.0 = Release|Any CPU
		{AF1EB010-85BC-41C5-9E88-D0C8F0B0001F}.Release|Any CPU.Deploy.0 = Release|Any CPU
		{8E3E9984-D57E-4D16-BB46-A34B1922F69F}.Debug|Any CPU.ActiveCfg = Debug|Any CPU
		{8E3E9984-D57E-4D16-BB46-A34B1922F69F}.Debug|Any CPU.Build.0 = Debug|Any CPU
		{8E3E9984-D57E-4D16-BB46-A34B1922F69F}.Release|Any CPU.ActiveCfg = Release|Any CPU
		{8E3E9984-D57E-4D16-BB46-A34B1922F69F}.Release|Any CPU.Build.0 = Release|Any CPU
		{E8D8F143-CDA0-4D8E-8993-BD5D9DD283E4}.Debug|Any CPU.ActiveCfg = Debug|Any CPU
		{E8D8F143-CDA0-4D8E-8993-BD5D9DD283E4}.Debug|Any CPU.Build.0 = Debug|Any CPU
		{E8D8F143-CDA0-4D8E-8993-BD5D9DD283E4}.Release|Any CPU.ActiveCfg = Release|Any CPU
		{E8D8F143-CDA0-4D8E-8993-BD5D9DD283E4}.Release|Any CPU.Build.0 = Release|Any CPU
	EndGlobalSection
	GlobalSection(SolutionProperties) = preSolution
		HideSolutionNode = FALSE
	EndGlobalSection
	GlobalSection(NestedProjects) = preSolution
		{B3D901B9-EB4F-4F4C-B3D7-5862B6C54967} = {6CAFBCA7-6BE8-4DD3-A2E3-3075B48AC08E}
		{F45A9E64-A2F3-4FC0-867B-8FBCFDDCF532} = {6CAFBCA7-6BE8-4DD3-A2E3-3075B48AC08E}
		{B6106C6C-AC87-49AC-BBA6-BEB209614D0A} = {6CAFBCA7-6BE8-4DD3-A2E3-3075B48AC08E}
		{610EE904-A669-4F25-AA50-9B8E2A589640} = {6CAFBCA7-6BE8-4DD3-A2E3-3075B48AC08E}
		{EC0025B2-2493-4A2D-9ED5-D2B4B5785BD4} = {6CAFBCA7-6BE8-4DD3-A2E3-3075B48AC08E}
		{AF1EB010-85BC-41C5-9E88-D0C8F0B0001F} = {6CAFBCA7-6BE8-4DD3-A2E3-3075B48AC08E}
		{8E3E9984-D57E-4D16-BB46-A34B1922F69F} = {6CAFBCA7-6BE8-4DD3-A2E3-3075B48AC08E}
		{E8D8F143-CDA0-4D8E-8993-BD5D9DD283E4} = {6CAFBCA7-6BE8-4DD3-A2E3-3075B48AC08E}
	EndGlobalSection
	GlobalSection(ExtensibilityGlobals) = postSolution
		SolutionGuid = {746CF12B-4F96-45F0-A88E-ACAE8374F97D}
	EndGlobalSection
EndGlobal
